<?xml version="1.0" encoding="utf-8"?>
<Project ToolsVersion="4.0" xmlns="http://schemas.microsoft.com/developer/msbuild/2003">
  <ItemGroup>
    <ClCompile Include="main.cpp" />
    <ClCompile Include="pch.cpp">
      <Filter>pch</Filter>
    </ClCompile>
    <ClCompile Include="Session.cpp">
      <Filter>Session</Filter>
    </ClCompile>
    <ClCompile Include="QueueManager.cpp">
      <Filter>QueueManager</Filter>
    </ClCompile>
    <ClCompile Include="Server.cpp">
      <Filter>Server</Filter>
    </ClCompile>
    <ClCompile Include="SessionManager.cpp">
      <Filter>SessionManager</Filter>
    </ClCompile>
    <ClCompile Include="Player.cpp">
      <Filter>Object\Player</Filter>
    </ClCompile>
    <ClCompile Include="LoginCache.cpp">
      <Filter>CacheSystem</Filter>
    </ClCompile>
  </ItemGroup>
  <ItemGroup>
    <Filter Include="pch">
      <UniqueIdentifier>{8e9a5617-09ab-4e49-823d-5a26ae1d23bb}</UniqueIdentifier>
    </Filter>
    <Filter Include="Server">
      <UniqueIdentifier>{3b2da6e3-1157-43bc-a01a-ac05ae039aac}</UniqueIdentifier>
    </Filter>
    <Filter Include="Session">
      <UniqueIdentifier>{ebfbbb5a-4490-4cfd-954e-b11f851e0aba}</UniqueIdentifier>
    </Filter>
    <Filter Include="QueueManager">
      <UniqueIdentifier>{20276b53-8b18-43ff-b552-12e3c3b92321}</UniqueIdentifier>
    </Filter>
    <Filter Include="SessionManager">
      <UniqueIdentifier>{0f3ca133-7d5e-4668-a6d3-f9a8acf56f21}</UniqueIdentifier>
    </Filter>
    <Filter Include="Customs">
      <UniqueIdentifier>{dd7a7aa8-817f-4572-baa4-49123991c59b}</UniqueIdentifier>
    </Filter>
    <Filter Include="Object">
      <UniqueIdentifier>{271af419-d938-4c39-8ba2-d293da8df641}</UniqueIdentifier>
    </Filter>
    <Filter Include="Object\Player">
      <UniqueIdentifier>{c52f0f19-f299-4b27-ad30-0bd67d04ff8b}</UniqueIdentifier>
    </Filter>
    <Filter Include="DBManager">
      <UniqueIdentifier>{aba134ab-1243-4607-884f-24440e2e92e7}</UniqueIdentifier>
    </Filter>
    <Filter Include="CacheSystem">
      <UniqueIdentifier>{bef6b5b7-6494-44c1-8672-6baa5610c36d}</UniqueIdentifier>
    </Filter>
  </ItemGroup>
  <ItemGroup>
    <ClInclude Include="pch.h">
      <Filter>pch</Filter>
    </ClInclude>
    <ClInclude Include="Session.hpp">
      <Filter>Session</Filter>
    </ClInclude>
    <ClInclude Include="QueueManager.hpp">
      <Filter>QueueManager</Filter>
    </ClInclude>
    <ClInclude Include="Server.hpp">
      <Filter>Server</Filter>
    </ClInclude>
    <ClInclude Include="SessionManager.hpp">
      <Filter>SessionManager</Filter>
    </ClInclude>
    <ClInclude Include="myStruct.hpp">
      <Filter>Customs</Filter>
    </ClInclude>
    <ClInclude Include="utils.hpp">
      <Filter>Customs</Filter>
    </ClInclude>
    <ClInclude Include="Player.hpp">
      <Filter>Object\Player</Filter>
    </ClInclude>
    <ClInclude Include="DBManager.hpp">
      <Filter>DBManager</Filter>
    </ClInclude>
    <ClInclude Include="LoginCache.hpp">
      <Filter>CacheSystem</Filter>
    </ClInclude>
    <ClInclude Include="ICache.hpp">
      <Filter>CacheSystem</Filter>
    </ClInclude>
  </ItemGroup>
</Project>